# THIS IS AN AUTOGENERATED FILE. DO NOT EDIT THIS FILE DIRECTLY.
# yarn lockfile v1


vant-weapp@^1.0.0-beta.0:
  version "1.0.0-beta.0"
  resolved "https://registry.yarnpkg.com/vant-weapp/-/vant-weapp-1.0.0-beta.0.tgz#2d2d39fffeacdea22119635c2c1c200bf0e71ff1"
  integrity sha512-5lFcQfibygU1WTLe/54vICmOfuOPgdfh8M4rUJXUBT8v7gqrql3QNIjv2T9/cJn0Oh8xK4LRZckHmAr50HWr6g==
